# THIS IS AN AUTOGENERATED FILE. DO NOT EDIT THIS FILE DIRECTLY.
# yarn lockfile v1


async-validator@^1.12.2:
  version "1.12.2"
  resolved "https://registry.npm.taobao.org/async-validator/download/async-validator-1.12.2.tgz#beae671e7174d2938b7b4b69d2fb7e722b7fd72c"
  integrity sha1-vq5nHnF00pOLe0tp0vt+cit/1yw=

batch-processor@1.0.0:
  version "1.0.0"
  resolved "https://registry.npm.taobao.org/batch-processor/download/batch-processor-1.0.0.tgz#75c95c32b748e0850d10c2b168f6bdbe9891ace8"
  integrity sha1-dclcMrdI4IUNEMKxaPa9vpiRrOg=

deepmerge@^2.2.1:
  version "2.2.1"
  resolved "https://registry.npm.taobao.org/deepmerge/download/deepmerge-2.2.1.tgz#5d3ff22a01c00f645405a2fbc17d0778a1801170"
  integrity sha1-XT/yKgHAD2RUBaL7wX0HeKGAEXA=

element-resize-detector@^1.2.0:
  version "1.2.1"
  resolved "https://registry.npm.taobao.org/element-resize-detector/download/element-resize-detector-1.2.1.tgz#b0305194447a4863155e58f13323a0aef30851d1"
  integrity sha1-sDBRlER6SGMVXljxMyOgrvMIUdE=
  dependencies:
    batch-processor "1.0.0"

iview@^3.5.4:
  version "3.5.4"
  resolved "https://registry.npm.taobao.org/iview/download/iview-3.5.4.tgz?cache=0&sync_timestamp=1594968731404&other_urls=https%3A%2F%2Fregistry.npm.taobao.org%2Fiview%2Fdownload%2Fiview-3.5.4.tgz#d516b92e73b617f2dc7f45831f99059d69932f82"
  integrity sha1-1Ra5LnO2F/Lcf0WDH5kFnWmTL4I=
  dependencies:
    async-validator "^1.12.2"
    deepmerge "^2.2.1"
    element-resize-detector "^1.2.0"
    js-calendar "^1.2.3"
    lodash.throttle "^4.1.1"
    popper.js "^1.14.6"
    tinycolor2 "^1.4.1"
    v-click-outside-x "^4.0.19"

jquery@^3.5.1:
  version "3.5.1"
  resolved "https://registry.npm.taobao.org/jquery/download/jquery-3.5.1.tgz#d7b4d08e1bfdb86ad2f1a3d039ea17304717abb5"
  integrity sha1-17TQjhv9uGrS8aPQOeoXMEcXq7U=

js-calendar@^1.2.3:
  version "1.2.3"
  resolved "https://registry.npm.taobao.org/js-calendar/download/js-calendar-1.2.3.tgz#a583b0644b4e695ba394f344d103dbcc7a7a7d3e"
  integrity sha1-pYOwZEtOaVujlPNE0QPbzHp6fT4=

lodash.throttle@^4.1.1:
  version "4.1.1"
  resolved "https://registry.npm.taobao.org/lodash.throttle/download/lodash.throttle-4.1.1.tgz#c23e91b710242ac70c37f1e1cda9274cc39bf2f4"
  integrity sha1-wj6RtxAkKscMN/HhzaknTMOb8vQ=

popper.js@^1.14.6:
  version "1.16.1"
  resolved "https://registry.npm.taobao.org/popper.js/download/popper.js-1.16.1.tgz#2a223cb3dc7b6213d740e40372be40de43e65b1b"
  integrity sha1-KiI8s9x7YhPXQOQDcr5A3kPmWxs=

tinycolor2@^1.4.1:
  version "1.4.1"
  resolved "https://registry.npm.taobao.org/tinycolor2/download/tinycolor2-1.4.1.tgz#f4fad333447bc0b07d4dc8e9209d8f39a8ac77e8"
  integrity sha1-9PrTM0R7wLB9TcjpIJ2POaisd+g=

v-click-outside-x@^4.0.19:
  version "4.1.0"
  resolved "https://registry.npm.taobao.org/v-click-outside-x/download/v-click-outside-x-4.1.0.tgz#be826680e2d25666a8a185332929d46244aa2447"
  integrity sha1-voJmgOLSVmaooYUzKSnUYkSqJEc=

vue@^2.6.11:
  version "2.6.11"
  resolved "https://registry.npm.taobao.org/vue/download/vue-2.6.11.tgz?cache=0&sync_timestamp=1594922017841&other_urls=https%3A%2F%2Fregistry.npm.taobao.org%2Fvue%2Fdownload%2Fvue-2.6.11.tgz#76594d877d4b12234406e84e35275c6d514125c5"
  integrity sha1-dllNh31LEiNEBuhONSdcbVFBJcU=
